// !$*UTF8*$!
{
	archiveVersion = 1;
	classes = {
	};
	objectVersion = 56;
	objects = {

/* Begin PBXBuildFile section */
		A567D31A29E4C12C00EEE03D /* WalkCountdown.swift in Sources */ = {isa = PBXBuildFile; fileRef = A567D31929E4C12C00EEE03D /* WalkCountdown.swift */; };
		A567D31C29E4C21D00EEE03D /* RunWalkController.swift in Sources */ = {isa = PBXBuildFile; fileRef = A567D31B29E4C21D00EEE03D /* RunWalkController.swift */; };
		A576B5FE29BE911300C4F47A /* iw2RunWalkApp.swift in Sources */ = {isa = PBXBuildFile; fileRef = A576B5FD29BE911300C4F47A /* iw2RunWalkApp.swift */; };
		A576B60029BE911300C4F47A /* ContentView.swift in Sources */ = {isa = PBXBuildFile; fileRef = A576B5FF29BE911300C4F47A /* ContentView.swift */; };
		A576B60229BE911400C4F47A /* Assets.xcassets in Resources */ = {isa = PBXBuildFile; fileRef = A576B60129BE911400C4F47A /* Assets.xcassets */; };
		A576B60529BE911400C4F47A /* Preview Assets.xcassets in Resources */ = {isa = PBXBuildFile; fileRef = A576B60429BE911400C4F47A /* Preview Assets.xcassets */; };
		A576B60B29BE911400C4F47A /* iw2RunWalk Watch App.app in Embed Watch Content */ = {isa = PBXBuildFile; fileRef = A576B60A29BE911400C4F47A /* iw2RunWalk Watch App.app */; settings = {ATTRIBUTES = (RemoveHeadersOnCopy, ); }; };
		A576B61029BE911400C4F47A /* iw2RunWalkApp.swift in Sources */ = {isa = PBXBuildFile; fileRef = A576B60F29BE911400C4F47A /* iw2RunWalkApp.swift */; };
		A576B61229BE911400C4F47A /* ContentView.swift in Sources */ = {isa = PBXBuildFile; fileRef = A576B61129BE911400C4F47A /* ContentView.swift */; };
		A576B61429BE911500C4F47A /* Assets.xcassets in Resources */ = {isa = PBXBuildFile; fileRef = A576B61329BE911500C4F47A /* Assets.xcassets */; };
		A576B61729BE911500C4F47A /* Preview Assets.xcassets in Resources */ = {isa = PBXBuildFile; fileRef = A576B61629BE911500C4F47A /* Preview Assets.xcassets */; };
		A576B62229BE926100C4F47A /* StartButton.swift in Sources */ = {isa = PBXBuildFile; fileRef = A576B62129BE926100C4F47A /* StartButton.swift */; };
		A576B62429BE955700C4F47A /* RunCountdown.swift in Sources */ = {isa = PBXBuildFile; fileRef = A576B62329BE955700C4F47A /* RunCountdown.swift */; };
		A5E1483829E7728300DF7A4F /* AppState.swift in Sources */ = {isa = PBXBuildFile; fileRef = A5E1483729E7728300DF7A4F /* AppState.swift */; };
		A5E1483929E7737200DF7A4F /* AppState.swift in Sources */ = {isa = PBXBuildFile; fileRef = A5E1483729E7728300DF7A4F /* AppState.swift */; };
		A5E1483B29E8A4C900DF7A4F /* StopButton.swift in Sources */ = {isa = PBXBuildFile; fileRef = A5E1483A29E8A4C900DF7A4F /* StopButton.swift */; };
		A5E1483D29E8A88300DF7A4F /* SetTimes.swift in Sources */ = {isa = PBXBuildFile; fileRef = A5E1483C29E8A88300DF7A4F /* SetTimes.swift */; };
		A5E1483F29EB5CB200DF7A4F /* StartScreen.swift in Sources */ = {isa = PBXBuildFile; fileRef = A5E1483E29EB5CB200DF7A4F /* StartScreen.swift */; };
		A5E1484129EB5ED600DF7A4F /* SettingsButton.swift in Sources */ = {isa = PBXBuildFile; fileRef = A5E1484029EB5ED600DF7A4F /* SettingsButton.swift */; };
		A5E1484329EB63EF00DF7A4F /* PausedView.swift in Sources */ = {isa = PBXBuildFile; fileRef = A5E1484229EB63EF00DF7A4F /* PausedView.swift */; };
/* End PBXBuildFile section */

/* Begin PBXContainerItemProxy section */
		A576B60C29BE911400C4F47A /* PBXContainerItemProxy */ = {
			isa = PBXContainerItemProxy;
			containerPortal = A576B5F229BE911300C4F47A /* Project object */;
			proxyType = 1;
			remoteGlobalIDString = A576B60929BE911400C4F47A;
			remoteInfo = "iw2RunWalk Watch App";
		};
/* End PBXContainerItemProxy section */

/* Begin PBXCopyFilesBuildPhase section */
		A576B61D29BE911500C4F47A /* Embed Watch Content */ = {
			isa = PBXCopyFilesBuildPhase;
			buildActionMask = 2147483647;
			dstPath = "$(CONTENTS_FOLDER_PATH)/Watch";
			dstSubfolderSpec = 16;
			files = (
				A576B60B29BE911400C4F47A /* iw2RunWalk Watch App.app in Embed Watch Content */,
			);
			name = "Embed Watch Content";
			runOnlyForDeploymentPostprocessing = 0;
		};
/* End PBXCopyFilesBuildPhase section */

/* Begin PBXFileReference section */
		A567D31929E4C12C00EEE03D /* WalkCountdown.swift */ = {isa = PBXFileReference; lastKnownFileType = sourcecode.swift; path = WalkCountdown.swift; sourceTree = "<group>"; };
		A567D31B29E4C21D00EEE03D /* RunWalkController.swift */ = {isa = PBXFileReference; lastKnownFileType = sourcecode.swift; path = RunWalkController.swift; sourceTree = "<group>"; };
		A576B5FA29BE911300C4F47A /* iw2RunWalk.app */ = {isa = PBXFileReference; explicitFileType = wrapper.application; includeInIndex = 0; path = iw2RunWalk.app; sourceTree = BUILT_PRODUCTS_DIR; };
		A576B5FD29BE911300C4F47A /* iw2RunWalkApp.swift */ = {isa = PBXFileReference; lastKnownFileType = sourcecode.swift; path = iw2RunWalkApp.swift; sourceTree = "<group>"; };
		A576B5FF29BE911300C4F47A /* ContentView.swift */ = {isa = PBXFileReference; lastKnownFileType = sourcecode.swift; path = ContentView.swift; sourceTree = "<group>"; };
		A576B60129BE911400C4F47A /* Assets.xcassets */ = {isa = PBXFileReference; lastKnownFileType = folder.assetcatalog; path = Assets.xcassets; sourceTree = "<group>"; };
		A576B60429BE911400C4F47A /* Preview Assets.xcassets */ = {isa = PBXFileReference; lastKnownFileType = folder.assetcatalog; path = "Preview Assets.xcassets"; sourceTree = "<group>"; };
		A576B60A29BE911400C4F47A /* iw2RunWalk Watch App.app */ = {isa = PBXFileReference; explicitFileType = wrapper.application; includeInIndex = 0; path = "iw2RunWalk Watch App.app"; sourceTree = BUILT_PRODUCTS_DIR; };
		A576B60F29BE911400C4F47A /* iw2RunWalkApp.swift */ = {isa = PBXFileReference; lastKnownFileType = sourcecode.swift; path = iw2RunWalkApp.swift; sourceTree = "<group>"; };
		A576B61129BE911400C4F47A /* ContentView.swift */ = {isa = PBXFileReference; lastKnownFileType = sourcecode.swift; path = ContentView.swift; sourceTree = "<group>"; };
		A576B61329BE911500C4F47A /* Assets.xcassets */ = {isa = PBXFileReference; lastKnownFileType = folder.assetcatalog; path = Assets.xcassets; sourceTree = "<group>"; };
		A576B61629BE911500C4F47A /* Preview Assets.xcassets */ = {isa = PBXFileReference; lastKnownFileType = folder.assetcatalog; path = "Preview Assets.xcassets"; sourceTree = "<group>"; };
		A576B62129BE926100C4F47A /* StartButton.swift */ = {isa = PBXFileReference; lastKnownFileType = sourcecode.swift; path = StartButton.swift; sourceTree = "<group>"; };
		A576B62329BE955700C4F47A /* RunCountdown.swift */ = {isa = PBXFileReference; lastKnownFileType = sourcecode.swift; path = RunCountdown.swift; sourceTree = "<group>"; };
		A5E1483729E7728300DF7A4F /* AppState.swift */ = {isa = PBXFileReference; lastKnownFileType = sourcecode.swift; path = AppState.swift; sourceTree = "<group>"; };
		A5E1483A29E8A4C900DF7A4F /* StopButton.swift */ = {isa = PBXFileReference; fileEncoding = 4; lastKnownFileType = sourcecode.swift; path = StopButton.swift; sourceTree = "<group>"; };
		A5E1483C29E8A88300DF7A4F /* SetTimes.swift */ = {isa = PBXFileReference; lastKnownFileType = sourcecode.swift; path = SetTimes.swift; sourceTree = "<group>"; };
		A5E1483E29EB5CB200DF7A4F /* StartScreen.swift */ = {isa = PBXFileReference; lastKnownFileType = sourcecode.swift; path = StartScreen.swift; sourceTree = "<group>"; };
		A5E1484029EB5ED600DF7A4F /* SettingsButton.swift */ = {isa = PBXFileReference; lastKnownFileType = sourcecode.swift; path = SettingsButton.swift; sourceTree = "<group>"; };
		A5E1484229EB63EF00DF7A4F /* PausedView.swift */ = {isa = PBXFileReference; lastKnownFileType = sourcecode.swift; path = PausedView.swift; sourceTree = "<group>"; };
/* End PBXFileReference section */

/* Begin PBXFrameworksBuildPhase section */
		A576B5F729BE911300C4F47A /* Frameworks */ = {
			isa = PBXFrameworksBuildPhase;
			buildActionMask = 2147483647;
			files = (
			);
			runOnlyForDeploymentPostprocessing = 0;
		};
		A576B60729BE911400C4F47A /* Frameworks */ = {
			isa = PBXFrameworksBuildPhase;
			buildActionMask = 2147483647;
			files = (
			);
			runOnlyForDeploymentPostprocessing = 0;
		};
/* End PBXFrameworksBuildPhase section */

/* Begin PBXGroup section */
		A576B5F129BE911300C4F47A = {
			isa = PBXGroup;
			children = (
				A576B5FC29BE911300C4F47A /* iw2RunWalk */,
				A576B60E29BE911400C4F47A /* iw2RunWalk Watch App */,
				A576B5FB29BE911300C4F47A /* Products */,
			);
			sourceTree = "<group>";
		};
		A576B5FB29BE911300C4F47A /* Products */ = {
			isa = PBXGroup;
			children = (
				A576B5FA29BE911300C4F47A /* iw2RunWalk.app */,
				A576B60A29BE911400C4F47A /* iw2RunWalk Watch App.app */,
			);
			name = Products;
			sourceTree = "<group>";
		};
		A576B5FC29BE911300C4F47A /* iw2RunWalk */ = {
			isa = PBXGroup;
			children = (
				A576B5FD29BE911300C4F47A /* iw2RunWalkApp.swift */,
				A576B5FF29BE911300C4F47A /* ContentView.swift */,
				A576B60129BE911400C4F47A /* Assets.xcassets */,
				A576B60329BE911400C4F47A /* Preview Content */,
			);
			path = iw2RunWalk;
			sourceTree = "<group>";
		};
		A576B60329BE911400C4F47A /* Preview Content */ = {
			isa = PBXGroup;
			children = (
				A576B60429BE911400C4F47A /* Preview Assets.xcassets */,
			);
			path = "Preview Content";
			sourceTree = "<group>";
		};
		A576B60E29BE911400C4F47A /* iw2RunWalk Watch App */ = {
			isa = PBXGroup;
			children = (
				A576B61329BE911500C4F47A /* Assets.xcassets */,
				A576B61529BE911500C4F47A /* Preview Content */,
				A576B60F29BE911400C4F47A /* iw2RunWalkApp.swift */,
				A576B61129BE911400C4F47A /* ContentView.swift */,
				A576B62129BE926100C4F47A /* StartButton.swift */,
				A5E1483A29E8A4C900DF7A4F /* StopButton.swift */,
				A5E1484029EB5ED600DF7A4F /* SettingsButton.swift */,
				A567D31B29E4C21D00EEE03D /* RunWalkController.swift */,
				A576B62329BE955700C4F47A /* RunCountdown.swift */,
				A5E1484229EB63EF00DF7A4F /* PausedView.swift */,
				A567D31929E4C12C00EEE03D /* WalkCountdown.swift */,
				A5E1483729E7728300DF7A4F /* AppState.swift */,
				A5E1483C29E8A88300DF7A4F /* SetTimes.swift */,
				A5E1483E29EB5CB200DF7A4F /* StartScreen.swift */,
			);
			path = "iw2RunWalk Watch App";
			sourceTree = "<group>";
		};
		A576B61529BE911500C4F47A /* Preview Content */ = {
			isa = PBXGroup;
			children = (
				A576B61629BE911500C4F47A /* Preview Assets.xcassets */,
			);
			path = "Preview Content";
			sourceTree = "<group>";
		};
/* End PBXGroup section */

/* Begin PBXNativeTarget section */
		A576B5F929BE911300C4F47A /* iw2RunWalk */ = {
			isa = PBXNativeTarget;
			buildConfigurationList = A576B61E29BE911500C4F47A /* Build configuration list for PBXNativeTarget "iw2RunWalk" */;
			buildPhases = (
				A576B5F629BE911300C4F47A /* Sources */,
				A576B5F729BE911300C4F47A /* Frameworks */,
				A576B5F829BE911300C4F47A /* Resources */,
				A576B61D29BE911500C4F47A /* Embed Watch Content */,
			);
			buildRules = (
			);
			dependencies = (
				A576B60D29BE911400C4F47A /* PBXTargetDependency */,
			);
			name = iw2RunWalk;
			productName = iw2RunWalk;
			productReference = A576B5FA29BE911300C4F47A /* iw2RunWalk.app */;
			productType = "com.apple.product-type.application";
		};
		A576B60929BE911400C4F47A /* iw2RunWalk Watch App */ = {
			isa = PBXNativeTarget;
			buildConfigurationList = A576B61A29BE911500C4F47A /* Build configuration list for PBXNativeTarget "iw2RunWalk Watch App" */;
			buildPhases = (
				A576B60629BE911400C4F47A /* Sources */,
				A576B60729BE911400C4F47A /* Frameworks */,
				A576B60829BE911400C4F47A /* Resources */,
			);
			buildRules = (
			);
			dependencies = (
			);
			name = "iw2RunWalk Watch App";
			productName = "iw2RunWalk Watch App";
			productReference = A576B60A29BE911400C4F47A /* iw2RunWalk Watch App.app */;
			productType = "com.apple.product-type.application";
		};
/* End PBXNativeTarget section */

/* Begin PBXProject section */
		A576B5F229BE911300C4F47A /* Project object */ = {
			isa = PBXProject;
			attributes = {
				BuildIndependentTargetsInParallel = 1;
				LastSwiftUpdateCheck = 1410;
				LastUpgradeCheck = 1410;
				TargetAttributes = {
					A576B5F929BE911300C4F47A = {
						CreatedOnToolsVersion = 14.1;
					};
					A576B60929BE911400C4F47A = {
						CreatedOnToolsVersion = 14.1;
					};
				};
			};
			buildConfigurationList = A576B5F529BE911300C4F47A /* Build configuration list for PBXProject "iw2RunWalk" */;
			compatibilityVersion = "Xcode 14.0";
			developmentRegion = en;
			hasScannedForEncodings = 0;
			knownRegions = (
				en,
				Base,
			);
			mainGroup = A576B5F129BE911300C4F47A;
			productRefGroup = A576B5FB29BE911300C4F47A /* Products */;
			projectDirPath = "";
			projectRoot = "";
			targets = (
				A576B5F929BE911300C4F47A /* iw2RunWalk */,
				A576B60929BE911400C4F47A /* iw2RunWalk Watch App */,
			);
		};
/* End PBXProject section */

/* Begin PBXResourcesBuildPhase section */
		A576B5F829BE911300C4F47A /* Resources */ = {
			isa = PBXResourcesBuildPhase;
			buildActionMask = 2147483647;
			files = (
				A576B60529BE911400C4F47A /* Preview Assets.xcassets in Resources */,
				A576B60229BE911400C4F47A /* Assets.xcassets in Resources */,
			);
			runOnlyForDeploymentPostprocessing = 0;
		};
		A576B60829BE911400C4F47A /* Resources */ = {
			isa = PBXResourcesBuildPhase;
			buildActionMask = 2147483647;
			files = (
				A576B61729BE911500C4F47A /* Preview Assets.xcassets in Resources */,
				A576B61429BE911500C4F47A /* Assets.xcassets in Resources */,
			);
			runOnlyForDeploymentPostprocessing = 0;
		};
/* End PBXResourcesBuildPhase section */

/* Begin PBXSourcesBuildPhase section */
		A576B5F629BE911300C4F47A /* Sources */ = {
			isa = PBXSourcesBuildPhase;
			buildActionMask = 2147483647;
			files = (
				A5E1483929E7737200DF7A4F /* AppState.swift in Sources */,
				A576B60029BE911300C4F47A /* ContentView.swift in Sources */,
				A576B5FE29BE911300C4F47A /* iw2RunWalkApp.swift in Sources */,
			);
			runOnlyForDeploymentPostprocessing = 0;
		};
		A576B60629BE911400C4F47A /* Sources */ = {
			isa = PBXSourcesBuildPhase;
			buildActionMask = 2147483647;
			files = (
				A567D31A29E4C12C00EEE03D /* WalkCountdown.swift in Sources */,
				A576B62229BE926100C4F47A /* StartButton.swift in Sources */,
				A576B61229BE911400C4F47A /* ContentView.swift in Sources */,
				A576B61029BE911400C4F47A /* iw2RunWalkApp.swift in Sources */,
				A5E1484329EB63EF00DF7A4F /* PausedView.swift in Sources */,
				A5E1483D29E8A88300DF7A4F /* SetTimes.swift in Sources */,
				A567D31C29E4C21D00EEE03D /* RunWalkController.swift in Sources */,
				A5E1483B29E8A4C900DF7A4F /* StopButton.swift in Sources */,
				A5E1483829E7728300DF7A4F /* AppState.swift in Sources */,
				A5E1483F29EB5CB200DF7A4F /* StartScreen.swift in Sources */,
				A5E1484129EB5ED600DF7A4F /* SettingsButton.swift in Sources */,
				A576B62429BE955700C4F47A /* RunCountdown.swift in Sources */,
			);
			runOnlyForDeploymentPostprocessing = 0;
		};
/* End PBXSourcesBuildPhase section */

/* Begin PBXTargetDependency section */
		A576B60D29BE911400C4F47A /* PBXTargetDependency */ = {
			isa = PBXTargetDependency;
			target = A576B60929BE911400C4F47A /* iw2RunWalk Watch App */;
			targetProxy = A576B60C29BE911400C4F47A /* PBXContainerItemProxy */;
		};
/* End PBXTargetDependency section */

/* Begin XCBuildConfiguration section */
		A576B61829BE911500C4F47A /* Debug */ = {
			isa = XCBuildConfiguration;
			buildSettings = {
				ALWAYS_SEARCH_USER_PATHS = NO;
				CLANG_ANALYZER_NONNULL = YES;
				CLANG_ANALYZER_NUMBER_OBJECT_CONVERSION = YES_AGGRESSIVE;
				CLANG_CXX_LANGUAGE_STANDARD = "gnu++20";
				CLANG_ENABLE_MODULES = YES;
				CLANG_ENABLE_OBJC_ARC = YES;
				CLANG_ENABLE_OBJC_WEAK = YES;
				CLANG_WARN_BLOCK_CAPTURE_AUTORELEASING = YES;
				CLANG_WARN_BOOL_CONVERSION = YES;
				CLANG_WARN_COMMA = YES;
				CLANG_WARN_CONSTANT_CONVERSION = YES;
				CLANG_WARN_DEPRECATED_OBJC_IMPLEMENTATIONS = YES;
				CLANG_WARN_DIRECT_OBJC_ISA_USAGE = YES_ERROR;
				CLANG_WARN_DOCUMENTATION_COMMENTS = YES;
				CLANG_WARN_EMPTY_BODY = YES;
				CLANG_WARN_ENUM_CONVERSION = YES;
				CLANG_WARN_INFINITE_RECURSION = YES;
				CLANG_WARN_INT_CONVERSION = YES;
				CLANG_WARN_NON_LITERAL_NULL_CONVERSION = YES;
				CLANG_WARN_OBJC_IMPLICIT_RETAIN_SELF = YES;
				CLANG_WARN_OBJC_LITERAL_CONVERSION = YES;
				CLANG_WARN_OBJC_ROOT_CLASS = YES_ERROR;
				CLANG_WARN_QUOTED_INCLUDE_IN_FRAMEWORK_HEADER = YES;
				CLANG_WARN_RANGE_LOOP_ANALYSIS = YES;
				CLANG_WARN_STRICT_PROTOTYPES = YES;
				CLANG_WARN_SUSPICIOUS_MOVE = YES;
				CLANG_WARN_UNGUARDED_AVAILABILITY = YES_AGGRESSIVE;
				CLANG_WARN_UNREACHABLE_CODE = YES;
				CLANG_WARN__DUPLICATE_METHOD_MATCH = YES;
				COPY_PHASE_STRIP = NO;
				DEBUG_INFORMATION_FORMAT = dwarf;
				ENABLE_STRICT_OBJC_MSGSEND = YES;
				ENABLE_TESTABILITY = YES;
				GCC_C_LANGUAGE_STANDARD = gnu11;
				GCC_DYNAMIC_NO_PIC = NO;
				GCC_NO_COMMON_BLOCKS = YES;
				GCC_OPTIMIZATION_LEVEL = 0;
				GCC_PREPROCESSOR_DEFINITIONS = (
					"DEBUG=1",
					"$(inherited)",
				);
				GCC_WARN_64_TO_32_BIT_CONVERSION = YES;
				GCC_WARN_ABOUT_RETURN_TYPE = YES_ERROR;
				GCC_WARN_UNDECLARED_SELECTOR = YES;
				GCC_WARN_UNINITIALIZED_AUTOS = YES_AGGRESSIVE;
				GCC_WARN_UNUSED_FUNCTION = YES;
				GCC_WARN_UNUSED_VARIABLE = YES;
				MTL_ENABLE_DEBUG_INFO = INCLUDE_SOURCE;
				MTL_FAST_MATH = YES;
				ONLY_ACTIVE_ARCH = YES;
				SWIFT_ACTIVE_COMPILATION_CONDITIONS = DEBUG;
				SWIFT_OPTIMIZATION_LEVEL = "-Onone";
			};
			name = Debug;
		};
		A576B61929BE911500C4F47A /* Release */ = {
			isa = XCBuildConfiguration;
			buildSettings = {
				ALWAYS_SEARCH_USER_PATHS = NO;
				CLANG_ANALYZER_NONNULL = YES;
				CLANG_ANALYZER_NUMBER_OBJECT_CONVERSION = YES_AGGRESSIVE;
				CLANG_CXX_LANGUAGE_STANDARD = "gnu++20";
				CLANG_ENABLE_MODULES = YES;
				CLANG_ENABLE_OBJC_ARC = YES;
				CLANG_ENABLE_OBJC_WEAK = YES;
				CLANG_WARN_BLOCK_CAPTURE_AUTORELEASING = YES;
				CLANG_WARN_BOOL_CONVERSION = YES;
				CLANG_WARN_COMMA = YES;
				CLANG_WARN_CONSTANT_CONVERSION = YES;
				CLANG_WARN_DEPRECATED_OBJC_IMPLEMENTATIONS = YES;
				CLANG_WARN_DIRECT_OBJC_ISA_USAGE = YES_ERROR;
				CLANG_WARN_DOCUMENTATION_COMMENTS = YES;
				CLANG_WARN_EMPTY_BODY = YES;
				CLANG_WARN_ENUM_CONVERSION = YES;
				CLANG_WARN_INFINITE_RECURSION = YES;
				CLANG_WARN_INT_CONVERSION = YES;
				CLANG_WARN_NON_LITERAL_NULL_CONVERSION = YES;
				CLANG_WARN_OBJC_IMPLICIT_RETAIN_SELF = YES;
				CLANG_WARN_OBJC_LITERAL_CONVERSION = YES;
				CLANG_WARN_OBJC_ROOT_CLASS = YES_ERROR;
				CLANG_WARN_QUOTED_INCLUDE_IN_FRAMEWORK_HEADER = YES;
				CLANG_WARN_RANGE_LOOP_ANALYSIS = YES;
				CLANG_WARN_STRICT_PROTOTYPES = YES;
				CLANG_WARN_SUSPICIOUS_MOVE = YES;
				CLANG_WARN_UNGUARDED_AVAILABILITY = YES_AGGRESSIVE;
				CLANG_WARN_UNREACHABLE_CODE = YES;
				CLANG_WARN__DUPLICATE_METHOD_MATCH = YES;
				COPY_PHASE_STRIP = NO;
				DEBUG_INFORMATION_FORMAT = "dwarf-with-dsym";
				ENABLE_NS_ASSERTIONS = NO;
				ENABLE_STRICT_OBJC_MSGSEND = YES;
				GCC_C_LANGUAGE_STANDARD = gnu11;
				GCC_NO_COMMON_BLOCKS = YES;
				GCC_WARN_64_TO_32_BIT_CONVERSION = YES;
				GCC_WARN_ABOUT_RETURN_TYPE = YES_ERROR;
				GCC_WARN_UNDECLARED_SELECTOR = YES;
				GCC_WARN_UNINITIALIZED_AUTOS = YES_AGGRESSIVE;
				GCC_WARN_UNUSED_FUNCTION = YES;
				GCC_WARN_UNUSED_VARIABLE = YES;
				MTL_ENABLE_DEBUG_INFO = NO;
				MTL_FAST_MATH = YES;
				SWIFT_COMPILATION_MODE = wholemodule;
				SWIFT_OPTIMIZATION_LEVEL = "-O";
			};
			name = Release;
		};
		A576B61B29BE911500C4F47A /* Debug */ = {
			isa = XCBuildConfiguration;
			buildSettings = {
				ASSETCATALOG_COMPILER_APPICON_NAME = AppIcon;
				ASSETCATALOG_COMPILER_GLOBAL_ACCENT_COLOR_NAME = AccentColor;
				CODE_SIGN_STYLE = Automatic;
				CURRENT_PROJECT_VERSION = 1;
				DEVELOPMENT_ASSET_PATHS = "\"iw2RunWalk Watch App/Preview Content\"";
				DEVELOPMENT_TEAM = WM9Y6XVZYN;
				ENABLE_PREVIEWS = YES;
				GENERATE_INFOPLIST_FILE = YES;
				INFOPLIST_KEY_CFBundleDisplayName = iw2RunWalk;
				INFOPLIST_KEY_UISupportedInterfaceOrientations = "UIInterfaceOrientationPortrait UIInterfaceOrientationPortraitUpsideDown";
				INFOPLIST_KEY_WKCompanionAppBundleIdentifier = com.isyet.iw2RunWalk;
				LD_RUNPATH_SEARCH_PATHS = (
					"$(inherited)",
					"@executable_path/Frameworks",
				);
				MARKETING_VERSION = 1.0;
				PRODUCT_BUNDLE_IDENTIFIER = com.isyet.iw2RunWalk.watchkitapp;
				PRODUCT_NAME = "$(TARGET_NAME)";
				SDKROOT = watchos;
				SKIP_INSTALL = YES;
				SWIFT_EMIT_LOC_STRINGS = YES;
				SWIFT_VERSION = 5.0;
				TARGETED_DEVICE_FAMILY = 4;
				WATCHOS_DEPLOYMENT_TARGET = 9.1;
			};
			name = Debug;
		};
		A576B61C29BE911500C4F47A /* Release */ = {
			isa = XCBuildConfiguration;
			buildSettings = {
				ASSETCATALOG_COMPILER_APPICON_NAME = AppIcon;
				ASSETCATALOG_COMPILER_GLOBAL_ACCENT_COLOR_NAME = AccentColor;
				CODE_SIGN_STYLE = Automatic;
				CURRENT_PROJECT_VERSION = 1;
				DEVELOPMENT_ASSET_PATHS = "\"iw2RunWalk Watch App/Preview Content\"";
				DEVELOPMENT_TEAM = WM9Y6XVZYN;
				ENABLE_PREVIEWS = YES;
				GENERATE_INFOPLIST_FILE = YES;
				INFOPLIST_KEY_CFBundleDisplayName = iw2RunWalk;
				INFOPLIST_KEY_UISupportedInterfaceOrientations = "UIInterfaceOrientationPortrait UIInterfaceOrientationPortraitUpsideDown";
				INFOPLIST_KEY_WKCompanionAppBundleIdentifier = com.isyet.iw2RunWalk;
				LD_RUNPATH_SEARCH_PATHS = (
					"$(inherited)",
					"@executable_path/Frameworks",
				);
				MARKETING_VERSION = 1.0;
				PRODUCT_BUNDLE_IDENTIFIER = com.isyet.iw2RunWalk.watchkitapp;
				PRODUCT_NAME = "$(TARGET_NAME)";
				SDKROOT = watchos;
				SKIP_INSTALL = YES;
				SWIFT_EMIT_LOC_STRINGS = YES;
				SWIFT_VERSION = 5.0;
				TARGETED_DEVICE_FAMILY = 4;
				VALIDATE_PRODUCT = YES;
				WATCHOS_DEPLOYMENT_TARGET = 9.1;
			};
			name = Release;
		};
		A576B61F29BE911500C4F47A /* Debug */ = {
			isa = XCBuildConfiguration;
			buildSettings = {
				ALWAYS_EMBED_SWIFT_STANDARD_LIBRARIES = YES;
				ASSETCATALOG_COMPILER_APPICON_NAME = AppIcon;
				ASSETCATALOG_COMPILER_GLOBAL_ACCENT_COLOR_NAME = AccentColor;
				CODE_SIGN_STYLE = Automatic;
				CURRENT_PROJECT_VERSION = 1;
				DEVELOPMENT_ASSET_PATHS = "\"iw2RunWalk/Preview Content\"";
				DEVELOPMENT_TEAM = WM9Y6XVZYN;
				ENABLE_PREVIEWS = YES;
				GENERATE_INFOPLIST_FILE = YES;
				INFOPLIST_KEY_CFBundleDisplayName = iw2RunWalk;
				INFOPLIST_KEY_UIApplicationSceneManifest_Generation = YES;
				INFOPLIST_KEY_UIApplicationSupportsIndirectInputEvents = YES;
				INFOPLIST_KEY_UILaunchScreen_Generation = YES;
				INFOPLIST_KEY_UISupportedInterfaceOrientations_iPad = "UIInterfaceOrientationPortrait UIInterfaceOrientationPortraitUpsideDown UIInterfaceOrientationLandscapeLeft UIInterfaceOrientationLandscapeRight";
				INFOPLIST_KEY_UISupportedInterfaceOrientations_iPhone = "UIInterfaceOrientationPortrait UIInterfaceOrientationLandscapeLeft UIInterfaceOrientationLandscapeRight";
				IPHONEOS_DEPLOYMENT_TARGET = 16.1;
				LD_RUNPATH_SEARCH_PATHS = (
					"$(inherited)",
					"@executable_path/Frameworks",
				);
				MARKETING_VERSION = 1.0;
				PRODUCT_BUNDLE_IDENTIFIER = com.isyet.iw2RunWalk;
				PRODUCT_NAME = "$(TARGET_NAME)";
				SDKROOT = iphoneos;
				SWIFT_EMIT_LOC_STRINGS = YES;
				SWIFT_VERSION = 5.0;
				TARGETED_DEVICE_FAMILY = "1,2";
			};
			name = Debug;
		};
		A576B62029BE911500C4F47A /* Release */ = {
			isa = XCBuildConfiguration;
			buildSettings = {
				ALWAYS_EMBED_SWIFT_STANDARD_LIBRARIES = YES;
				ASSETCATALOG_COMPILER_APPICON_NAME = AppIcon;
				ASSETCATALOG_COMPILER_GLOBAL_ACCENT_COLOR_NAME = AccentColor;
				CODE_SIGN_STYLE = Automatic;
				CURRENT_PROJECT_VERSION = 1;
				DEVELOPMENT_ASSET_PATHS = "\"iw2RunWalk/Preview Content\"";
				DEVELOPMENT_TEAM = WM9Y6XVZYN;
				ENABLE_PREVIEWS = YES;
				GENERATE_INFOPLIST_FILE = YES;
				INFOPLIST_KEY_CFBundleDisplayName = iw2RunWalk;
				INFOPLIST_KEY_UIApplicationSceneManifest_Generation = YES;
				INFOPLIST_KEY_UIApplicationSupportsIndirectInputEvents = YES;
				INFOPLIST_KEY_UILaunchScreen_Generation = YES;
				INFOPLIST_KEY_UISupportedInterfaceOrientations_iPad = "UIInterfaceOrientationPortrait UIInterfaceOrientationPortraitUpsideDown UIInterfaceOrientationLandscapeLeft UIInterfaceOrientationLandscapeRight";
				INFOPLIST_KEY_UISupportedInterfaceOrientations_iPhone = "UIInterfaceOrientationPortrait UIInterfaceOrientationLandscapeLeft UIInterfaceOrientationLandscapeRight";
				IPHONEOS_DEPLOYMENT_TARGET = 16.1;
				LD_RUNPATH_SEARCH_PATHS = (
					"$(inherited)",
					"@executable_path/Frameworks",
				);
				MARKETING_VERSION = 1.0;
				PRODUCT_BUNDLE_IDENTIFIER = com.isyet.iw2RunWalk;
				PRODUCT_NAME = "$(TARGET_NAME)";
				SDKROOT = iphoneos;
				SWIFT_EMIT_LOC_STRINGS = YES;
				SWIFT_VERSION = 5.0;
				TARGETED_DEVICE_FAMILY = "1,2";
				VALIDATE_PRODUCT = YES;
			};
			name = Release;
		};
/* End XCBuildConfiguration section */

/* Begin XCConfigurationList section */
		A576B5F529BE911300C4F47A /* Build configuration list for PBXProject "iw2RunWalk" */ = {
			isa = XCConfigurationList;
			buildConfigurations = (
				A576B61829BE911500C4F47A /* Debug */,
				A576B61929BE911500C4F47A /* Release */,
			);
			defaultConfigurationIsVisible = 0;
			defaultConfigurationName = Release;
		};
		A576B61A29BE911500C4F47A /* Build configuration list for PBXNativeTarget "iw2RunWalk Watch App" */ = {
			isa = XCConfigurationList;
			buildConfigurations = (
				A576B61B29BE911500C4F47A /* Debug */,
				A576B61C29BE911500C4F47A /* Release */,
			);
			defaultConfigurationIsVisible = 0;
			defaultConfigurationName = Release;
		};
		A576B61E29BE911500C4F47A /* Build configuration list for PBXNativeTarget "iw2RunWalk" */ = {
			isa = XCConfigurationList;
			buildConfigurations = (
				A576B61F29BE911500C4F47A /* Debug */,
				A576B62029BE911500C4F47A /* Release */,
			);
			defaultConfigurationIsVisible = 0;
			defaultConfigurationName = Release;
		};
/* End XCConfigurationList section */
	};
	rootObject = A576B5F229BE911300C4F47A /* Project object */;
}
